// !$*UTF8*$!
{
	archiveVersion = 1;
	classes = {
	};
	objectVersion = 48;
	objects = {

/* Begin PBXBuildFile section */
		CF19494D1FD99CC3009EB16C /* ArtCell.swift in Sources */ = {isa = PBXBuildFile; fileRef = CF19494C1FD99CC3009EB16C /* ArtCell.swift */; };
		CF4BB18D1FB35220001B0A86 /* AppDelegate.swift in Sources */ = {isa = PBXBuildFile; fileRef = CF4BB18C1FB35220001B0A86 /* AppDelegate.swift */; };
		CF4BB18F1FB35220001B0A86 /* ViewController.swift in Sources */ = {isa = PBXBuildFile; fileRef = CF4BB18E1FB35220001B0A86 /* ViewController.swift */; };
		CF4BB1921FB35220001B0A86 /* Main.storyboard in Resources */ = {isa = PBXBuildFile; fileRef = CF4BB1901FB35220001B0A86 /* Main.storyboard */; };
		CF4BB1941FB35220001B0A86 /* Assets.xcassets in Resources */ = {isa = PBXBuildFile; fileRef = CF4BB1931FB35220001B0A86 /* Assets.xcassets */; };
		CF4BB1A21FB352BC001B0A86 /* CreativityControllerViewController.swift in Sources */ = {isa = PBXBuildFile; fileRef = CF4BB1A11FB352BC001B0A86 /* CreativityControllerViewController.swift */; };
		CF4BB1A41FB352D9001B0A86 /* AbstractionController.swift in Sources */ = {isa = PBXBuildFile; fileRef = CF4BB1A31FB352D9001B0A86 /* AbstractionController.swift */; };
		CF4BB1A61FB352F2001B0A86 /* DataInfoController.swift in Sources */ = {isa = PBXBuildFile; fileRef = CF4BB1A51FB352F2001B0A86 /* DataInfoController.swift */; };
		CF4BB1A81FB3530F001B0A86 /* AlgorithimsController.swift in Sources */ = {isa = PBXBuildFile; fileRef = CF4BB1A71FB3530F001B0A86 /* AlgorithimsController.swift */; };
		CF4BB1AA1FB35322001B0A86 /* ProgramingController.swift in Sources */ = {isa = PBXBuildFile; fileRef = CF4BB1A91FB35322001B0A86 /* ProgramingController.swift */; };
		CF4BB1AE1FB35352001B0A86 /* GlobalImpactController.swift in Sources */ = {isa = PBXBuildFile; fileRef = CF4BB1AD1FB35352001B0A86 /* GlobalImpactController.swift */; };
		CF766A141FE176C6008EE68C /* Utilities.swift in Sources */ = {isa = PBXBuildFile; fileRef = CF766A131FE176C5008EE68C /* Utilities.swift */; };
		CF766A161FE1771E008EE68C /* StarField.sks in Resources */ = {isa = PBXBuildFile; fileRef = CF766A151FE1771E008EE68C /* StarField.sks */; };
		CF766A1A1FE18200008EE68C /* StartScene.swift in Sources */ = {isa = PBXBuildFile; fileRef = CF766A191FE18200008EE68C /* StartScene.swift */; };
		CF766A1C1FE18207008EE68C /* LevelCompleteScene.swift in Sources */ = {isa = PBXBuildFile; fileRef = CF766A1B1FE18207008EE68C /* LevelCompleteScene.swift */; };
		CF766A1E1FE1820D008EE68C /* GameScene.swift in Sources */ = {isa = PBXBuildFile; fileRef = CF766A1D1FE1820D008EE68C /* GameScene.swift */; };
		CF766A261FE187CD008EE68C /* Invader.swift in Sources */ = {isa = PBXBuildFile; fileRef = CF766A211FE186DA008EE68C /* Invader.swift */; };
		CF766A271FE187CD008EE68C /* InvaderLaser.swift in Sources */ = {isa = PBXBuildFile; fileRef = CF766A221FE186DF008EE68C /* InvaderLaser.swift */; };
		CF766A281FE187CD008EE68C /* Player.swift in Sources */ = {isa = PBXBuildFile; fileRef = CF766A231FE186E2008EE68C /* Player.swift */; };
		CF766A291FE187CD008EE68C /* PlayerLaser.swift in Sources */ = {isa = PBXBuildFile; fileRef = CF766A241FE186E6008EE68C /* PlayerLaser.swift */; };
		CF766A2A1FE187CD008EE68C /* Projectile.swift in Sources */ = {isa = PBXBuildFile; fileRef = CF766A251FE186E9008EE68C /* Projectile.swift */; };
		CF90B5C81FCF0ABF004AA206 /* InternetMasterController.swift in Sources */ = {isa = PBXBuildFile; fileRef = CF90B5C71FCF0ABF004AA206 /* InternetMasterController.swift */; };
		CF90B5CA1FCF0AD9004AA206 /* InternetDetailController.swift in Sources */ = {isa = PBXBuildFile; fileRef = CF90B5C91FCF0AD9004AA206 /* InternetDetailController.swift */; };
		CF90B5CD1FCF0B2A004AA206 /* WebKit.framework in Frameworks */ = {isa = PBXBuildFile; fileRef = CF90B5CC1FCF0B2A004AA206 /* WebKit.framework */; };
		CFADF5BD1FFD251F00CED69D /* DeathScene.swift in Sources */ = {isa = PBXBuildFile; fileRef = CFADF5BC1FFD251F00CED69D /* DeathScene.swift */; };
		CFE2F7B31FD6EFE100A2D8D2 /* drawingView.swift in Sources */ = {isa = PBXBuildFile; fileRef = CFE2F7B21FD6EFE100A2D8D2 /* drawingView.swift */; };
/* End PBXBuildFile section */

/* Begin PBXFileReference section */
		CF19494C1FD99CC3009EB16C /* ArtCell.swift */ = {isa = PBXFileReference; lastKnownFileType = sourcecode.swift; path = ArtCell.swift; sourceTree = "<group>"; };
		CF4BB1891FB35220001B0A86 /* JakeHammond_CSP.app */ = {isa = PBXFileReference; explicitFileType = wrapper.application; includeInIndex = 0; path = JakeHammond_CSP.app; sourceTree = BUILT_PRODUCTS_DIR; };
		CF4BB18C1FB35220001B0A86 /* AppDelegate.swift */ = {isa = PBXFileReference; lastKnownFileType = sourcecode.swift; path = AppDelegate.swift; sourceTree = "<group>"; };
		CF4BB18E1FB35220001B0A86 /* ViewController.swift */ = {isa = PBXFileReference; lastKnownFileType = sourcecode.swift; path = ViewController.swift; sourceTree = "<group>"; };
		CF4BB1911FB35220001B0A86 /* Base */ = {isa = PBXFileReference; lastKnownFileType = file.storyboard; name = Base; path = Base.lproj/Main.storyboard; sourceTree = "<group>"; };
		CF4BB1931FB35220001B0A86 /* Assets.xcassets */ = {isa = PBXFileReference; lastKnownFileType = folder.assetcatalog; path = Assets.xcassets; sourceTree = "<group>"; };
		CF4BB1981FB35220001B0A86 /* Info.plist */ = {isa = PBXFileReference; lastKnownFileType = text.plist.xml; path = Info.plist; sourceTree = "<group>"; };
		CF4BB1A11FB352BC001B0A86 /* CreativityControllerViewController.swift */ = {isa = PBXFileReference; lastKnownFileType = sourcecode.swift; path = CreativityControllerViewController.swift; sourceTree = "<group>"; };
		CF4BB1A31FB352D9001B0A86 /* AbstractionController.swift */ = {isa = PBXFileReference; lastKnownFileType = sourcecode.swift; path = AbstractionController.swift; sourceTree = "<group>"; };
		CF4BB1A51FB352F2001B0A86 /* DataInfoController.swift */ = {isa = PBXFileReference; lastKnownFileType = sourcecode.swift; path = DataInfoController.swift; sourceTree = "<group>"; };
		CF4BB1A71FB3530F001B0A86 /* AlgorithimsController.swift */ = {isa = PBXFileReference; lastKnownFileType = sourcecode.swift; path = AlgorithimsController.swift; sourceTree = "<group>"; };
		CF4BB1A91FB35322001B0A86 /* ProgramingController.swift */ = {isa = PBXFileReference; lastKnownFileType = sourcecode.swift; path = ProgramingController.swift; sourceTree = "<group>"; };
		CF4BB1AD1FB35352001B0A86 /* GlobalImpactController.swift */ = {isa = PBXFileReference; lastKnownFileType = sourcecode.swift; path = GlobalImpactController.swift; sourceTree = "<group>"; };
		CF766A131FE176C5008EE68C /* Utilities.swift */ = {isa = PBXFileReference; fileEncoding = 4; lastKnownFileType = sourcecode.swift; path = Utilities.swift; sourceTree = "<group>"; };
		CF766A151FE1771E008EE68C /* StarField.sks */ = {isa = PBXFileReference; lastKnownFileType = file.sks; path = StarField.sks; sourceTree = "<group>"; };
		CF766A191FE18200008EE68C /* StartScene.swift */ = {isa = PBXFileReference; lastKnownFileType = sourcecode.swift; path = StartScene.swift; sourceTree = "<group>"; };
		CF766A1B1FE18207008EE68C /* LevelCompleteScene.swift */ = {isa = PBXFileReference; lastKnownFileType = sourcecode.swift; path = LevelCompleteScene.swift; sourceTree = "<group>"; };
		CF766A1D1FE1820D008EE68C /* GameScene.swift */ = {isa = PBXFileReference; lastKnownFileType = sourcecode.swift; path = GameScene.swift; sourceTree = "<group>"; };
		CF766A211FE186DA008EE68C /* Invader.swift */ = {isa = PBXFileReference; lastKnownFileType = sourcecode.swift; name = Invader.swift; path = JakeHammond_CSP/Model/Invader.swift; sourceTree = SOURCE_ROOT; };
		CF766A221FE186DF008EE68C /* InvaderLaser.swift */ = {isa = PBXFileReference; lastKnownFileType = sourcecode.swift; name = InvaderLaser.swift; path = JakeHammond_CSP/Model/InvaderLaser.swift; sourceTree = SOURCE_ROOT; };
		CF766A231FE186E2008EE68C /* Player.swift */ = {isa = PBXFileReference; lastKnownFileType = sourcecode.swift; name = Player.swift; path = JakeHammond_CSP/Model/Player.swift; sourceTree = SOURCE_ROOT; };
		CF766A241FE186E6008EE68C /* PlayerLaser.swift */ = {isa = PBXFileReference; lastKnownFileType = sourcecode.swift; name = PlayerLaser.swift; path = JakeHammond_CSP/Model/PlayerLaser.swift; sourceTree = SOURCE_ROOT; };
		CF766A251FE186E9008EE68C /* Projectile.swift */ = {isa = PBXFileReference; lastKnownFileType = sourcecode.swift; name = Projectile.swift; path = JakeHammond_CSP/Model/Projectile.swift; sourceTree = SOURCE_ROOT; };
		CF766A2B1FE187F2008EE68C /* boss sound.mp3 */ = {isa = PBXFileReference; lastKnownFileType = audio.mp3; path = "boss sound.mp3"; sourceTree = "<group>"; };
		CF766A2C1FE187F4008EE68C /* invader sound.mp3 */ = {isa = PBXFileReference; lastKnownFileType = audio.mp3; path = "invader sound.mp3"; sourceTree = "<group>"; };
		CF766A2D1FE187F6008EE68C /* laser sound.mp3 */ = {isa = PBXFileReference; lastKnownFileType = audio.mp3; path = "laser sound.mp3"; sourceTree = "<group>"; };
		CF766A2E1FE187F8008EE68C /* powerup sound.mp3 */ = {isa = PBXFileReference; lastKnownFileType = audio.mp3; path = "powerup sound.mp3"; sourceTree = "<group>"; };
		CF766A2F1FE187FC008EE68C /* extra sound.mp3 */ = {isa = PBXFileReference; lastKnownFileType = audio.mp3; path = "extra sound.mp3"; sourceTree = "<group>"; };
		CF90B5C71FCF0ABF004AA206 /* InternetMasterController.swift */ = {isa = PBXFileReference; lastKnownFileType = sourcecode.swift; path = InternetMasterController.swift; sourceTree = "<group>"; };
		CF90B5C91FCF0AD9004AA206 /* InternetDetailController.swift */ = {isa = PBXFileReference; lastKnownFileType = sourcecode.swift; path = InternetDetailController.swift; sourceTree = "<group>"; };
		CF90B5CC1FCF0B2A004AA206 /* WebKit.framework */ = {isa = PBXFileReference; lastKnownFileType = wrapper.framework; name = WebKit.framework; path = System/Library/Frameworks/WebKit.framework; sourceTree = SDKROOT; };
		CFADF5BC1FFD251F00CED69D /* DeathScene.swift */ = {isa = PBXFileReference; lastKnownFileType = sourcecode.swift; path = DeathScene.swift; sourceTree = "<group>"; };
		CFE2F7B21FD6EFE100A2D8D2 /* drawingView.swift */ = {isa = PBXFileReference; lastKnownFileType = sourcecode.swift; path = drawingView.swift; sourceTree = "<group>"; };
/* End PBXFileReference section */

/* Begin PBXFrameworksBuildPhase section */
		CF4BB1861FB35220001B0A86 /* Frameworks */ = {
			isa = PBXFrameworksBuildPhase;
			buildActionMask = 2147483647;
			files = (
				CF90B5CD1FCF0B2A004AA206 /* WebKit.framework in Frameworks */,
			);
			runOnlyForDeploymentPostprocessing = 0;
		};
/* End PBXFrameworksBuildPhase section */

/* Begin PBXGroup section */
		CF4BB1801FB35220001B0A86 = {
			isa = PBXGroup;
			children = (
				CF4BB18B1FB35220001B0A86 /* JakeHammond_CSP */,
				CF766A301FE1880F008EE68C /* Sounds */,
				CF4BB18A1FB35220001B0A86 /* Products */,
				CF90B5CB1FCF0B29004AA206 /* Frameworks */,
			);
			sourceTree = "<group>";
		};
		CF4BB18A1FB35220001B0A86 /* Products */ = {
			isa = PBXGroup;
			children = (
				CF4BB1891FB35220001B0A86 /* JakeHammond_CSP.app */,
			);
			name = Products;
			sourceTree = "<group>";
		};
		CF4BB18B1FB35220001B0A86 /* JakeHammond_CSP */ = {
			isa = PBXGroup;
			children = (
				CF766A201FE186C8008EE68C /* Model */,
				CF4BB19E1FB35257001B0A86 /* Controller */,
				CF4BB19F1FB35271001B0A86 /* View */,
				CF4BB1A01FB3527E001B0A86 /* Resources */,
			);
			path = JakeHammond_CSP;
			sourceTree = "<group>";
		};
		CF4BB19E1FB35257001B0A86 /* Controller */ = {
			isa = PBXGroup;
			children = (
				CF766A1F1FE18259008EE68C /* GameController */,
				CF4BB18C1FB35220001B0A86 /* AppDelegate.swift */,
				CF4BB1AD1FB35352001B0A86 /* GlobalImpactController.swift */,
				CF4BB1A91FB35322001B0A86 /* ProgramingController.swift */,
				CF4BB1A71FB3530F001B0A86 /* AlgorithimsController.swift */,
				CF4BB1A51FB352F2001B0A86 /* DataInfoController.swift */,
				CF4BB1A31FB352D9001B0A86 /* AbstractionController.swift */,
				CF4BB18E1FB35220001B0A86 /* ViewController.swift */,
				CF4BB1A11FB352BC001B0A86 /* CreativityControllerViewController.swift */,
				CF90B5C91FCF0AD9004AA206 /* InternetDetailController.swift */,
				CF90B5C71FCF0ABF004AA206 /* InternetMasterController.swift */,
				CF19494C1FD99CC3009EB16C /* ArtCell.swift */,
			);
			path = Controller;
			sourceTree = "<group>";
		};
		CF4BB19F1FB35271001B0A86 /* View */ = {
			isa = PBXGroup;
			children = (
				CF766A151FE1771E008EE68C /* StarField.sks */,
				CF4BB1901FB35220001B0A86 /* Main.storyboard */,
				CFE2F7B21FD6EFE100A2D8D2 /* drawingView.swift */,
			);
			path = View;
			sourceTree = "<group>";
		};
		CF4BB1A01FB3527E001B0A86 /* Resources */ = {
			isa = PBXGroup;
			children = (
				CF766A131FE176C5008EE68C /* Utilities.swift */,
				CF4BB1931FB35220001B0A86 /* Assets.xcassets */,
				CF4BB1981FB35220001B0A86 /* Info.plist */,
			);
			path = Resources;
			sourceTree = "<group>";
		};
		CF766A1F1FE18259008EE68C /* GameController */ = {
			isa = PBXGroup;
			children = (
				CF766A191FE18200008EE68C /* StartScene.swift */,
				CF766A1D1FE1820D008EE68C /* GameScene.swift */,
				CF766A1B1FE18207008EE68C /* LevelCompleteScene.swift */,
				CFADF5BC1FFD251F00CED69D /* DeathScene.swift */,
			);
			name = GameController;
			path = "New Group";
			sourceTree = "<group>";
		};
		CF766A201FE186C8008EE68C /* Model */ = {
			isa = PBXGroup;
			children = (
				CF766A211FE186DA008EE68C /* Invader.swift */,
				CF766A221FE186DF008EE68C /* InvaderLaser.swift */,
				CF766A231FE186E2008EE68C /* Player.swift */,
				CF766A241FE186E6008EE68C /* PlayerLaser.swift */,
				CF766A251FE186E9008EE68C /* Projectile.swift */,
			);
			name = Model;
			path = "New Group";
			sourceTree = "<group>";
		};
		CF766A301FE1880F008EE68C /* Sounds */ = {
			isa = PBXGroup;
			children = (
				CF766A2B1FE187F2008EE68C /* boss sound.mp3 */,
				CF766A2C1FE187F4008EE68C /* invader sound.mp3 */,
				CF766A2D1FE187F6008EE68C /* laser sound.mp3 */,
				CF766A2E1FE187F8008EE68C /* powerup sound.mp3 */,
				CF766A2F1FE187FC008EE68C /* extra sound.mp3 */,
			);
			path = Sounds;
			sourceTree = "<group>";
		};
		CF90B5CB1FCF0B29004AA206 /* Frameworks */ = {
			isa = PBXGroup;
			children = (
				CF90B5CC1FCF0B2A004AA206 /* WebKit.framework */,
			);
			name = Frameworks;
			sourceTree = "<group>";
		};
/* End PBXGroup section */

/* Begin PBXNativeTarget section */
		CF4BB1881FB35220001B0A86 /* JakeHammond_CSP */ = {
			isa = PBXNativeTarget;
			buildConfigurationList = CF4BB19B1FB35220001B0A86 /* Build configuration list for PBXNativeTarget "JakeHammond_CSP" */;
			buildPhases = (
				CF4BB1851FB35220001B0A86 /* Sources */,
				CF4BB1861FB35220001B0A86 /* Frameworks */,
				CF4BB1871FB35220001B0A86 /* Resources */,
			);
			buildRules = (
			);
			dependencies = (
			);
			name = JakeHammond_CSP;
			productName = JakeHammond_CSP;
			productReference = CF4BB1891FB35220001B0A86 /* JakeHammond_CSP.app */;
			productType = "com.apple.product-type.application";
		};
/* End PBXNativeTarget section */

/* Begin PBXProject section */
		CF4BB1811FB35220001B0A86 /* Project object */ = {
			isa = PBXProject;
			attributes = {
				LastSwiftUpdateCheck = 0900;
				LastUpgradeCheck = 0900;
				ORGANIZATIONNAME = "Hammond, Jacob";
				TargetAttributes = {
					CF4BB1881FB35220001B0A86 = {
						CreatedOnToolsVersion = 9.0;
						ProvisioningStyle = Automatic;
					};
				};
			};
			buildConfigurationList = CF4BB1841FB35220001B0A86 /* Build configuration list for PBXProject "JakeHammond_CSP" */;
			compatibilityVersion = "Xcode 8.0";
			developmentRegion = en;
			hasScannedForEncodings = 0;
			knownRegions = (
				en,
				Base,
			);
			mainGroup = CF4BB1801FB35220001B0A86;
			productRefGroup = CF4BB18A1FB35220001B0A86 /* Products */;
			projectDirPath = "";
			projectRoot = "";
			targets = (
				CF4BB1881FB35220001B0A86 /* JakeHammond_CSP */,
			);
		};
/* End PBXProject section */

/* Begin PBXResourcesBuildPhase section */
		CF4BB1871FB35220001B0A86 /* Resources */ = {
			isa = PBXResourcesBuildPhase;
			buildActionMask = 2147483647;
			files = (
				CF4BB1941FB35220001B0A86 /* Assets.xcassets in Resources */,
				CF4BB1921FB35220001B0A86 /* Main.storyboard in Resources */,
				CF766A161FE1771E008EE68C /* StarField.sks in Resources */,
			);
			runOnlyForDeploymentPostprocessing = 0;
		};
/* End PBXResourcesBuildPhase section */

/* Begin PBXSourcesBuildPhase section */
		CF4BB1851FB35220001B0A86 /* Sources */ = {
			isa = PBXSourcesBuildPhase;
			buildActionMask = 2147483647;
			files = (
				CF4BB1AE1FB35352001B0A86 /* GlobalImpactController.swift in Sources */,
				CF766A271FE187CD008EE68C /* InvaderLaser.swift in Sources */,
				CF766A261FE187CD008EE68C /* Invader.swift in Sources */,
				CF766A1C1FE18207008EE68C /* LevelCompleteScene.swift in Sources */,
				CF766A1E1FE1820D008EE68C /* GameScene.swift in Sources */,
				CF766A1A1FE18200008EE68C /* StartScene.swift in Sources */,
				CF4BB1A41FB352D9001B0A86 /* AbstractionController.swift in Sources */,
				CF4BB1A61FB352F2001B0A86 /* DataInfoController.swift in Sources */,
				CF766A291FE187CD008EE68C /* PlayerLaser.swift in Sources */,
				CF4BB18F1FB35220001B0A86 /* ViewController.swift in Sources */,
				CF766A141FE176C6008EE68C /* Utilities.swift in Sources */,
				CF4BB1A81FB3530F001B0A86 /* AlgorithimsController.swift in Sources */,
				CF90B5C81FCF0ABF004AA206 /* InternetMasterController.swift in Sources */,
				CF4BB1A21FB352BC001B0A86 /* CreativityControllerViewController.swift in Sources */,
				CF4BB1AA1FB35322001B0A86 /* ProgramingController.swift in Sources */,
				CFE2F7B31FD6EFE100A2D8D2 /* drawingView.swift in Sources */,
				CF4BB18D1FB35220001B0A86 /* AppDelegate.swift in Sources */,
				CF766A281FE187CD008EE68C /* Player.swift in Sources */,
				CF766A2A1FE187CD008EE68C /* Projectile.swift in Sources */,
				CFADF5BD1FFD251F00CED69D /* DeathScene.swift in Sources */,
				CF90B5CA1FCF0AD9004AA206 /* InternetDetailController.swift in Sources */,
				CF19494D1FD99CC3009EB16C /* ArtCell.swift in Sources */,
			);
			runOnlyForDeploymentPostprocessing = 0;
		};
/* End PBXSourcesBuildPhase section */

/* Begin PBXVariantGroup section */
		CF4BB1901FB35220001B0A86 /* Main.storyboard */ = {
			isa = PBXVariantGroup;
			children = (
				CF4BB1911FB35220001B0A86 /* Base */,
			);
			name = Main.storyboard;
			sourceTree = "<group>";
		};
/* End PBXVariantGroup section */

/* Begin XCBuildConfiguration section */
		CF4BB1991FB35220001B0A86 /* Debug */ = {
			isa = XCBuildConfiguration;
			buildSettings = {
				ALWAYS_SEARCH_USER_PATHS = NO;
				CLANG_ANALYZER_NONNULL = YES;
				CLANG_ANALYZER_NUMBER_OBJECT_CONVERSION = YES_AGGRESSIVE;
				CLANG_CXX_LANGUAGE_STANDARD = "gnu++14";
				CLANG_CXX_LIBRARY = "libc++";
				CLANG_ENABLE_MODULES = YES;
				CLANG_ENABLE_OBJC_ARC = YES;
				CLANG_WARN_BLOCK_CAPTURE_AUTORELEASING = YES;
				CLANG_WARN_BOOL_CONVERSION = YES;
				CLANG_WARN_COMMA = YES;
				CLANG_WARN_CONSTANT_CONVERSION = YES;
				CLANG_WARN_DIRECT_OBJC_ISA_USAGE = YES_ERROR;
				CLANG_WARN_DOCUMENTATION_COMMENTS = YES;
				CLANG_WARN_EMPTY_BODY = YES;
				CLANG_WARN_ENUM_CONVERSION = YES;
				CLANG_WARN_INFINITE_RECURSION = YES;
				CLANG_WARN_INT_CONVERSION = YES;
				CLANG_WARN_NON_LITERAL_NULL_CONVERSION = YES;
				CLANG_WARN_OBJC_LITERAL_CONVERSION = YES;
				CLANG_WARN_OBJC_ROOT_CLASS = YES_ERROR;
				CLANG_WARN_RANGE_LOOP_ANALYSIS = YES;
				CLANG_WARN_STRICT_PROTOTYPES = YES;
				CLANG_WARN_SUSPICIOUS_MOVE = YES;
				CLANG_WARN_UNGUARDED_AVAILABILITY = YES_AGGRESSIVE;
				CLANG_WARN_UNREACHABLE_CODE = YES;
				CLANG_WARN__DUPLICATE_METHOD_MATCH = YES;
				CODE_SIGN_IDENTITY = "iPhone Developer";
				COPY_PHASE_STRIP = NO;
				DEBUG_INFORMATION_FORMAT = dwarf;
				ENABLE_STRICT_OBJC_MSGSEND = YES;
				ENABLE_TESTABILITY = YES;
				GCC_C_LANGUAGE_STANDARD = gnu11;
				GCC_DYNAMIC_NO_PIC = NO;
				GCC_NO_COMMON_BLOCKS = YES;
				GCC_OPTIMIZATION_LEVEL = 0;
				GCC_PREPROCESSOR_DEFINITIONS = (
					"DEBUG=1",
					"$(inherited)",
				);
				GCC_WARN_64_TO_32_BIT_CONVERSION = YES;
				GCC_WARN_ABOUT_RETURN_TYPE = YES_ERROR;
				GCC_WARN_UNDECLARED_SELECTOR = YES;
				GCC_WARN_UNINITIALIZED_AUTOS = YES_AGGRESSIVE;
				GCC_WARN_UNUSED_FUNCTION = YES;
				GCC_WARN_UNUSED_VARIABLE = YES;
				IPHONEOS_DEPLOYMENT_TARGET = 11.0;
				MTL_ENABLE_DEBUG_INFO = YES;
				ONLY_ACTIVE_ARCH = YES;
				SDKROOT = iphoneos;
				SWIFT_ACTIVE_COMPILATION_CONDITIONS = DEBUG;
				SWIFT_OPTIMIZATION_LEVEL = "-Onone";
			};
			name = Debug;
		};
		CF4BB19A1FB35220001B0A86 /* Release */ = {
			isa = XCBuildConfiguration;
			buildSettings = {
				ALWAYS_SEARCH_USER_PATHS = NO;
				CLANG_ANALYZER_NONNULL = YES;
				CLANG_ANALYZER_NUMBER_OBJECT_CONVERSION = YES_AGGRESSIVE;
				CLANG_CXX_LANGUAGE_STANDARD = "gnu++14";
				CLANG_CXX_LIBRARY = "libc++";
				CLANG_ENABLE_MODULES = YES;
				CLANG_ENABLE_OBJC_ARC = YES;
				CLANG_WARN_BLOCK_CAPTURE_AUTORELEASING = YES;
				CLANG_WARN_BOOL_CONVERSION = YES;
				CLANG_WARN_COMMA = YES;
				CLANG_WARN_CONSTANT_CONVERSION = YES;
				CLANG_WARN_DIRECT_OBJC_ISA_USAGE = YES_ERROR;
				CLANG_WARN_DOCUMENTATION_COMMENTS = YES;
				CLANG_WARN_EMPTY_BODY = YES;
				CLANG_WARN_ENUM_CONVERSION = YES;
				CLANG_WARN_INFINITE_RECURSION = YES;
				CLANG_WARN_INT_CONVERSION = YES;
				CLANG_WARN_NON_LITERAL_NULL_CONVERSION = YES;
				CLANG_WARN_OBJC_LITERAL_CONVERSION = YES;
				CLANG_WARN_OBJC_ROOT_CLASS = YES_ERROR;
				CLANG_WARN_RANGE_LOOP_ANALYSIS = YES;
				CLANG_WARN_STRICT_PROTOTYPES = YES;
				CLANG_WARN_SUSPICIOUS_MOVE = YES;
				CLANG_WARN_UNGUARDED_AVAILABILITY = YES_AGGRESSIVE;
				CLANG_WARN_UNREACHABLE_CODE = YES;
				CLANG_WARN__DUPLICATE_METHOD_MATCH = YES;
				CODE_SIGN_IDENTITY = "iPhone Developer";
				COPY_PHASE_STRIP = NO;
				DEBUG_INFORMATION_FORMAT = "dwarf-with-dsym";
				ENABLE_NS_ASSERTIONS = NO;
				ENABLE_STRICT_OBJC_MSGSEND = YES;
				GCC_C_LANGUAGE_STANDARD = gnu11;
				GCC_NO_COMMON_BLOCKS = YES;
				GCC_WARN_64_TO_32_BIT_CONVERSION = YES;
				GCC_WARN_ABOUT_RETURN_TYPE = YES_ERROR;
				GCC_WARN_UNDECLARED_SELECTOR = YES;
				GCC_WARN_UNINITIALIZED_AUTOS = YES_AGGRESSIVE;
				GCC_WARN_UNUSED_FUNCTION = YES;
				GCC_WARN_UNUSED_VARIABLE = YES;
				IPHONEOS_DEPLOYMENT_TARGET = 11.0;
				MTL_ENABLE_DEBUG_INFO = NO;
				SDKROOT = iphoneos;
				SWIFT_OPTIMIZATION_LEVEL = "-Owholemodule";
				VALIDATE_PRODUCT = YES;
			};
			name = Release;
		};
		CF4BB19C1FB35220001B0A86 /* Debug */ = {
			isa = XCBuildConfiguration;
			buildSettings = {
				ASSETCATALOG_COMPILER_APPICON_NAME = AppIcon;
				CODE_SIGN_STYLE = Automatic;
				DEVELOPMENT_TEAM = X77K8LBKTS;
				INFOPLIST_FILE = "$(SRCROOT)/JakeHammond_CSP/Resources/Info.plist";
				LD_RUNPATH_SEARCH_PATHS = "$(inherited) @executable_path/Frameworks";
				PRODUCT_BUNDLE_IDENTIFIER = "CTEC.JakeHammond-CSP";
				PRODUCT_NAME = "$(TARGET_NAME)";
				SWIFT_VERSION = 4.0;
				TARGETED_DEVICE_FAMILY = "1,2";
			};
			name = Debug;
		};
		CF4BB19D1FB35220001B0A86 /* Release */ = {
			isa = XCBuildConfiguration;
			buildSettings = {
				ASSETCATALOG_COMPILER_APPICON_NAME = AppIcon;
				CODE_SIGN_STYLE = Automatic;
				DEVELOPMENT_TEAM = X77K8LBKTS;
				INFOPLIST_FILE = "$(SRCROOT)/JakeHammond_CSP/Resources/Info.plist";
				LD_RUNPATH_SEARCH_PATHS = "$(inherited) @executable_path/Frameworks";
				PRODUCT_BUNDLE_IDENTIFIER = "CTEC.JakeHammond-CSP";
				PRODUCT_NAME = "$(TARGET_NAME)";
				SWIFT_VERSION = 4.0;
				TARGETED_DEVICE_FAMILY = "1,2";
			};
			name = Release;
		};
/* End XCBuildConfiguration section */

/* Begin XCConfigurationList section */
		CF4BB1841FB35220001B0A86 /* Build configuration list for PBXProject "JakeHammond_CSP" */ = {
			isa = XCConfigurationList;
			buildConfigurations = (
				CF4BB1991FB35220001B0A86 /* Debug */,
				CF4BB19A1FB35220001B0A86 /* Release */,
			);
			defaultConfigurationIsVisible = 0;
			defaultConfigurationName = Release;
		};
		CF4BB19B1FB35220001B0A86 /* Build configuration list for PBXNativeTarget "JakeHammond_CSP" */ = {
			isa = XCConfigurationList;
			buildConfigurations = (
				CF4BB19C1FB35220001B0A86 /* Debug */,
				CF4BB19D1FB35220001B0A86 /* Release */,
			);
			defaultConfigurationIsVisible = 0;
			defaultConfigurationName = Release;
		};
/* End XCConfigurationList section */
	};
	rootObject = CF4BB1811FB35220001B0A86 /* Project object */;
}
